{
  "originHash" : "23ed24d05b93b26937fab3ffeae583451bd6a1dd34e227f8ce3789c7d511da38",
  "pins" : [
    {
      "identity" : "alerttoast?tab=readme-ov-file#swift-package-manager",
      "kind" : "remoteSourceControl",
      "location" : "https://github.com/elai950/AlertToast?tab=readme-ov-file#swift-package-manager",
      "state" : {
        "revision" : "b39252eacd159904afd7d718bba0afabb87f2f2f",
        "version" : "1.3.9"
      }
    },
    {
      "identity" : "sharelink-for-swiftui",
      "kind" : "remoteSourceControl",
      "location" : "https://github.com/swiftuiux/sharelink-for-swiftui",
      "state" : {
        "revision" : "d8ce8a54ea47dee19d9840f59dea4679d0904196",
        "version" : "1.1.0"
      }
    }
  ],
  "version" : 3
}
